
Microsoft Visual Studio Solution File, Format Version 12.00
# Visual Studio Version 17
VisualStudioVersion = 17.2.32516.85
MinimumVisualStudioVersion = 10.0.40219.1
Project("{8BC9CEB8-8B4A-11D0-8D11-00A0C91BC942}") = "IntroductionToOOP", "IntroductoinToOOP\IntroductoinToOOP.vcxproj", "{A9B7A1D5-E7C6-43B6-824A-1E375FCEAE72}"
EndProject
Project("{8BC9CEB8-8B4A-11D0-8D11-00A0C91BC942}") = "Fraction", "Fraction\Fraction.vcxproj", "{0045B9F1-1DFD-4A4F-A832-C5F50938F445}"
EndProject
Project("{8BC9CEB8-8B4A-11D0-8D11-00A0C91BC942}") = "Class Fractoin", "Class Fractoin\Class Fractoin.vcxproj", "{2CC8D01F-DCEE-49E1-A571-49C349E6BA02}"
EndProject
Project("{8BC9CEB8-8B4A-11D0-8D11-00A0C91BC942}") = "String", "String\String.vcxproj", "{040685B5-821A-43E6-AFC3-15D4933F5893}"
EndProject
Global
	GlobalSection(SolutionConfigurationPlatforms) = preSolution
		Debug|x64 = Debug|x64
		Debug|x86 = Debug|x86
		Release|x64 = Release|x64
		Release|x86 = Release|x86
	EndGlobalSection
	GlobalSection(ProjectConfigurationPlatforms) = postSolution
		{A9B7A1D5-E7C6-43B6-824A-1E375FCEAE72}.Debug|x64.ActiveCfg = Debug|x64
		{A9B7A1D5-E7C6-43B6-824A-1E375FCEAE72}.Debug|x64.Build.0 = Debug|x64
		{A9B7A1D5-E7C6-43B6-824A-1E375FCEAE72}.Debug|x86.ActiveCfg = Debug|Win32
		{A9B7A1D5-E7C6-43B6-824A-1E375FCEAE72}.Debug|x86.Build.0 = Debug|Win32
		{A9B7A1D5-E7C6-43B6-824A-1E375FCEAE72}.Release|x64.ActiveCfg = Release|x64
		{A9B7A1D5-E7C6-43B6-824A-1E375FCEAE72}.Release|x64.Build.0 = Release|x64
		{A9B7A1D5-E7C6-43B6-824A-1E375FCEAE72}.Release|x86.ActiveCfg = Release|Win32
		{A9B7A1D5-E7C6-43B6-824A-1E375FCEAE72}.Release|x86.Build.0 = Release|Win32
		{0045B9F1-1DFD-4A4F-A832-C5F50938F445}.Debug|x64.ActiveCfg = Debug|x64
		{0045B9F1-1DFD-4A4F-A832-C5F50938F445}.Debug|x64.Build.0 = Debug|x64
		{0045B9F1-1DFD-4A4F-A832-C5F50938F445}.Debug|x86.ActiveCfg = Debug|Win32
		{0045B9F1-1DFD-4A4F-A832-C5F50938F445}.Debug|x86.Build.0 = Debug|Win32
		{0045B9F1-1DFD-4A4F-A832-C5F50938F445}.Release|x64.ActiveCfg = Release|x64
		{0045B9F1-1DFD-4A4F-A832-C5F50938F445}.Release|x64.Build.0 = Release|x64
		{0045B9F1-1DFD-4A4F-A832-C5F50938F445}.Release|x86.ActiveCfg = Release|Win32
		{0045B9F1-1DFD-4A4F-A832-C5F50938F445}.Release|x86.Build.0 = Release|Win32
		{2CC8D01F-DCEE-49E1-A571-49C349E6BA02}.Debug|x64.ActiveCfg = Debug|x64
		{2CC8D01F-DCEE-49E1-A571-49C349E6BA02}.Debug|x64.Build.0 = Debug|x64
		{2CC8D01F-DCEE-49E1-A571-49C349E6BA02}.Debug|x86.ActiveCfg = Debug|Win32
		{2CC8D01F-DCEE-49E1-A571-49C349E6BA02}.Debug|x86.Build.0 = Debug|Win32
		{2CC8D01F-DCEE-49E1-A571-49C349E6BA02}.Release|x64.ActiveCfg = Release|x64
		{2CC8D01F-DCEE-49E1-A571-49C349E6BA02}.Release|x64.Build.0 = Release|x64
		{2CC8D01F-DCEE-49E1-A571-49C349E6BA02}.Release|x86.ActiveCfg = Release|Win32
		{2CC8D01F-DCEE-49E1-A571-49C349E6BA02}.Release|x86.Build.0 = Release|Win32
		{040685B5-821A-43E6-AFC3-15D4933F5893}.Debug|x64.ActiveCfg = Debug|x64
		{040685B5-821A-43E6-AFC3-15D4933F5893}.Debug|x64.Build.0 = Debug|x64
		{040685B5-821A-43E6-AFC3-15D4933F5893}.Debug|x86.ActiveCfg = Debug|Win32
		{040685B5-821A-43E6-AFC3-15D4933F5893}.Debug|x86.Build.0 = Debug|Win32
		{040685B5-821A-43E6-AFC3-15D4933F5893}.Release|x64.ActiveCfg = Release|x64
		{040685B5-821A-43E6-AFC3-15D4933F5893}.Release|x64.Build.0 = Release|x64
		{040685B5-821A-43E6-AFC3-15D4933F5893}.Release|x86.ActiveCfg = Release|Win32
		{040685B5-821A-43E6-AFC3-15D4933F5893}.Release|x86.Build.0 = Release|Win32
	EndGlobalSection
	GlobalSection(SolutionProperties) = preSolution
		HideSolutionNode = FALSE
	EndGlobalSection
	GlobalSection(ExtensibilityGlobals) = postSolution
		SolutionGuid = {3B56389D-84B9-4950-89E5-8E8E0FF154B5}
	EndGlobalSection
EndGlobal
